
Microsoft Visual Studio Solution File, Format Version 12.00
# Visual Studio 15
VisualStudioVersion = 15.0.27428.2037
MinimumVisualStudioVersion = 10.0.40219.1
Project("{FAE04EC0-301F-11D3-BF4B-00C04F79EFBC}") = "WebCache", "WebCache\WebCache.csproj", "{8867F759-7284-48C1-A3DE-4714955F5449}"
EndProject
Global
	GlobalSection(SolutionConfigurationPlatforms) = preSolution
		Debug|Any CPU = Debug|Any CPU
		Release|Any CPU = Release|Any CPU
	EndGlobalSection
	GlobalSection(ProjectConfigurationPlatforms) = postSolution
		{8867F759-7284-48C1-A3DE-4714955F5449}.Debug|Any CPU.ActiveCfg = Debug|Any CPU
		{8867F759-7284-48C1-A3DE-4714955F5449}.Debug|Any CPU.Build.0 = Debug|Any CPU
		{8867F759-7284-48C1-A3DE-4714955F5449}.Release|Any CPU.ActiveCfg = Release|Any CPU
		{8867F759-7284-48C1-A3DE-4714955F5449}.Release|Any CPU.Build.0 = Release|Any CPU
	EndGlobalSection
	GlobalSection(SolutionProperties) = preSolution
		HideSolutionNode = FALSE
	EndGlobalSection
	GlobalSection(ExtensibilityGlobals) = postSolution
		SolutionGuid = {04918504-1A80-47F7-B908-A06AEA70D834}
	EndGlobalSection
EndGlobal
